Microsoft Visual Studio Solution File, Format Version 11.00
# Visual Studio 2008

Project("{47A12E94-C1FE-F4FC-2A2A-A107A534F71E}") = "MasqueMomie2011", "Assembly-CSharp.csproj", "{AF2BC9B7-7B68-A703-6C3C-B3C6580850FE}"
EndProject
Global
	GlobalSection(SolutionConfigurationPlatforms) = preSolution
		Debug|Any CPU = Debug|Any CPU
		Release|Any CPU = Release|Any CPU
	EndGlobalSection
	GlobalSection(ProjectConfigurationPlatforms) = postSolution
		{AF2BC9B7-7B68-A703-6C3C-B3C6580850FE}.Debug|Any CPU.ActiveCfg = Debug|Any CPU
		{AF2BC9B7-7B68-A703-6C3C-B3C6580850FE}.Debug|Any CPU.Build.0 = Debug|Any CPU
		{AF2BC9B7-7B68-A703-6C3C-B3C6580850FE}.Release|Any CPU.ActiveCfg = Release|Any CPU
		{AF2BC9B7-7B68-A703-6C3C-B3C6580850FE}.Release|Any CPU.Build.0 = Release|Any CPU
	EndGlobalSection
	GlobalSection(SolutionProperties) = preSolution
		HideSolutionNode = FALSE
	EndGlobalSection
	GlobalSection(MonoDevelopProperties) = preSolution
		StartupItem = Assembly-CSharp.csproj
	EndGlobalSection
EndGlobal
